# This file is automatically @generated by rv.
# It is not intended for manual editing.
version = 2
r_version = "4.5"

[[packages]]
name = "R6"
version = "2.6.1"
source = { repository = "https://packagemanager.posit.co/cran/2025-08-29" }
force_source = false
dependencies = []

[[packages]]
name = "base64enc"
version = "0.1-3"
source = { repository = "https://packagemanager.posit.co/cran/2025-08-29" }
force_source = false
dependencies = []

[[packages]]
name = "bslib"
version = "0.9.0"
source = { repository = "https://packagemanager.posit.co/cran/2025-08-29" }
force_source = false
dependencies = [
    "base64enc",
    "cachem",
    { name = "fastmap", requirement = "(>= 1.1.1)" },
    { name = "htmltools", requirement = "(>= 0.5.8)" },
    { name = "jquerylib", requirement = "(>= 0.1.3)" },
    "jsonlite",
    "lifecycle",
    { name = "memoise", requirement = "(>= 2.0.1)" },
    "mime",
    "rlang",
    { name = "sass", requirement = "(>= 0.4.9)" },
]

[[packages]]
name = "cachem"
version = "1.1.0"
source = { repository = "https://packagemanager.posit.co/cran/2025-08-29" }
force_source = false
dependencies = [
    "rlang",
    { name = "fastmap", requirement = "(>= 1.2.0)" },
]

[[packages]]
name = "cli"
version = "3.6.5"
source = { repository = "https://packagemanager.posit.co/cran/2025-08-29" }
force_source = false
dependencies = []

[[packages]]
name = "digest"
version = "0.6.37"
source = { repository = "https://packagemanager.posit.co/cran/2025-08-29" }
force_source = false
dependencies = []

[[packages]]
name = "evaluate"
version = "1.0.5"
source = { repository = "https://packagemanager.posit.co/cran/2025-08-29" }
force_source = false
dependencies = []

[[packages]]
name = "fastmap"
version = "1.2.0"
source = { repository = "https://packagemanager.posit.co/cran/2025-08-29" }
force_source = false
dependencies = []

[[packages]]
name = "fontawesome"
version = "0.5.3"
source = { repository = "https://packagemanager.posit.co/cran/2025-08-29" }
force_source = false
dependencies = [
    { name = "rlang", requirement = "(>= 1.0.6)" },
    { name = "htmltools", requirement = "(>= 0.5.1.1)" },
]

[[packages]]
name = "fs"
version = "1.6.6"
source = { repository = "https://packagemanager.posit.co/cran/2025-08-29" }
force_source = false
dependencies = []

[[packages]]
name = "glue"
version = "1.8.0"
source = { repository = "https://packagemanager.posit.co/cran/2025-08-29" }
force_source = false
dependencies = []

[[packages]]
name = "here"
version = "1.0.0"
source = { url = "https://cran.r-project.org/src/contrib/Archive/here/here_1.0.0.tar.gz", sha = "9944a2324134eed0353cac10c6c32effcc69335568851bd3327578426aa51bbe" }
force_source = false
dependencies = [
    { name = "rprojroot", requirement = "(>= 2.0.1)" },
]

[[packages]]
name = "highr"
version = "0.11"
source = { repository = "https://packagemanager.posit.co/cran/2025-08-29" }
force_source = false
dependencies = [
    { name = "xfun", requirement = "(>= 0.18)" },
]

[[packages]]
name = "htmltools"
version = "0.5.8.1"
source = { repository = "https://packagemanager.posit.co/cran/2025-08-29" }
force_source = false
dependencies = [
    "base64enc",
    "digest",
    { name = "fastmap", requirement = "(>= 1.1.0)" },
    { name = "rlang", requirement = "(>= 1.0.0)" },
]

[[packages]]
name = "jquerylib"
version = "0.1.4"
source = { repository = "https://packagemanager.posit.co/cran/2025-08-29" }
force_source = false
dependencies = [
    "htmltools",
]

[[packages]]
name = "jsonlite"
version = "2.0.0"
source = { repository = "https://packagemanager.posit.co/cran/2025-08-29" }
force_source = false
dependencies = []

[[packages]]
name = "knitr"
version = "1.50"
source = { repository = "https://packagemanager.posit.co/cran/2025-08-29" }
force_source = false
dependencies = [
    { name = "evaluate", requirement = "(>= 0.15)" },
    { name = "highr", requirement = "(>= 0.11)" },
    { name = "xfun", requirement = "(>= 0.51)" },
    { name = "yaml", requirement = "(>= 2.1.19)" },
]

[[packages]]
name = "lifecycle"
version = "1.0.4"
source = { repository = "https://packagemanager.posit.co/cran/2025-08-29" }
force_source = false
dependencies = [
    { name = "cli", requirement = "(>= 3.4.0)" },
    "glue",
    { name = "rlang", requirement = "(>= 1.1.0)" },
]

[[packages]]
name = "limma"
version = "3.64.1"
source = { repository = "https://packagemanager.posit.co/bioconductor/2025-07-01/packages/3.21/bioc" }
force_source = false
dependencies = [
    "statmod",
]

[[packages]]
name = "memoise"
version = "2.0.1"
source = { repository = "https://packagemanager.posit.co/cran/2025-08-29" }
force_source = false
dependencies = [
    { name = "rlang", requirement = "(>= 0.4.10)" },
    "cachem",
]

[[packages]]
name = "mime"
version = "0.13"
source = { repository = "https://packagemanager.posit.co/cran/2025-08-29" }
force_source = false
dependencies = []

[[packages]]
name = "rappdirs"
version = "0.3.3"
source = { repository = "https://packagemanager.posit.co/cran/2025-08-29" }
force_source = false
dependencies = []

[[packages]]
name = "rlang"
version = "1.1.6"
source = { repository = "https://packagemanager.posit.co/cran/2025-08-29" }
force_source = false
dependencies = []

[[packages]]
name = "rmarkdown"
version = "2.29"
source = { repository = "https://packagemanager.posit.co/cran/2025-08-29" }
force_source = false
dependencies = [
    { name = "bslib", requirement = "(>= 0.2.5.1)" },
    { name = "evaluate", requirement = "(>= 0.13)" },
    { name = "fontawesome", requirement = "(>= 0.5.0)" },
    { name = "htmltools", requirement = "(>= 0.5.1)" },
    "jquerylib",
    "jsonlite",
    { name = "knitr", requirement = "(>= 1.43)" },
    { name = "tinytex", requirement = "(>= 0.31)" },
    { name = "xfun", requirement = "(>= 0.36)" },
    { name = "yaml", requirement = "(>= 2.1.19)" },
]

[[packages]]
name = "rprojroot"
version = "2.1.1"
source = { repository = "https://packagemanager.posit.co/cran/2025-08-29" }
force_source = false
dependencies = []

[[packages]]
name = "sass"
version = "0.4.10"
source = { repository = "https://packagemanager.posit.co/cran/2025-08-29" }
force_source = false
dependencies = [
    { name = "fs", requirement = "(>= 1.2.4)" },
    { name = "rlang", requirement = "(>= 0.4.10)" },
    { name = "htmltools", requirement = "(>= 0.5.1)" },
    "R6",
    "rappdirs",
]

[[packages]]
name = "statmod"
version = "1.5.0"
source = { repository = "https://packagemanager.posit.co/cran/2025-08-29" }
force_source = false
dependencies = []

[[packages]]
name = "tinytex"
version = "0.57"
source = { repository = "https://packagemanager.posit.co/cran/2025-08-29" }
force_source = false
dependencies = [
    { name = "xfun", requirement = "(>= 0.48)" },
]

[[packages]]
name = "xfun"
version = "0.53"
source = { repository = "https://packagemanager.posit.co/cran/2025-08-29" }
force_source = false
dependencies = []

[[packages]]
name = "yaml"
version = "2.3.10"
source = { repository = "https://packagemanager.posit.co/cran/2025-08-29" }
force_source = false
dependencies = []
